// !$*UTF8*$!
{
	archiveVersion = 1;
	classes = {
	};
	objectVersion = 50;
	objects = {

/* Begin PBXBuildFile section */
		3C0CE4BF2433D11C00F17C17 /* AppDelegate.swift in Sources */ = {isa = PBXBuildFile; fileRef = 3C0CE4BE2433D11C00F17C17 /* AppDelegate.swift */; };
		3C0CE4C12433D11C00F17C17 /* SceneDelegate.swift in Sources */ = {isa = PBXBuildFile; fileRef = 3C0CE4C02433D11C00F17C17 /* SceneDelegate.swift */; };
		3C0CE4C32433D11C00F17C17 /* ViewController.swift in Sources */ = {isa = PBXBuildFile; fileRef = 3C0CE4C22433D11C00F17C17 /* ViewController.swift */; };
		3C0CE4C62433D11C00F17C17 /* Main.storyboard in Resources */ = {isa = PBXBuildFile; fileRef = 3C0CE4C42433D11C00F17C17 /* Main.storyboard */; };
		3C0CE4C82433D11D00F17C17 /* Assets.xcassets in Resources */ = {isa = PBXBuildFile; fileRef = 3C0CE4C72433D11D00F17C17 /* Assets.xcassets */; };
		3C0CE4CB2433D11D00F17C17 /* LaunchScreen.storyboard in Resources */ = {isa = PBXBuildFile; fileRef = 3C0CE4C92433D11D00F17C17 /* LaunchScreen.storyboard */; };
/* End PBXBuildFile section */

/* Begin PBXFileReference section */
		3C0CE4BB2433D11C00F17C17 /* Custon UI Componets With CAShapeLayer.app */ = {isa = PBXFileReference; explicitFileType = wrapper.application; includeInIndex = 0; path = "Custon UI Componets With CAShapeLayer.app"; sourceTree = BUILT_PRODUCTS_DIR; };
		3C0CE4BE2433D11C00F17C17 /* AppDelegate.swift */ = {isa = PBXFileReference; lastKnownFileType = sourcecode.swift; path = AppDelegate.swift; sourceTree = "<group>"; };
		3C0CE4C02433D11C00F17C17 /* SceneDelegate.swift */ = {isa = PBXFileReference; lastKnownFileType = sourcecode.swift; path = SceneDelegate.swift; sourceTree = "<group>"; };
		3C0CE4C22433D11C00F17C17 /* ViewController.swift */ = {isa = PBXFileReference; lastKnownFileType = sourcecode.swift; path = ViewController.swift; sourceTree = "<group>"; };
		3C0CE4C52433D11C00F17C17 /* Base */ = {isa = PBXFileReference; lastKnownFileType = file.storyboard; name = Base; path = Base.lproj/Main.storyboard; sourceTree = "<group>"; };
		3C0CE4C72433D11D00F17C17 /* Assets.xcassets */ = {isa = PBXFileReference; lastKnownFileType = folder.assetcatalog; path = Assets.xcassets; sourceTree = "<group>"; };
		3C0CE4CA2433D11D00F17C17 /* Base */ = {isa = PBXFileReference; lastKnownFileType = file.storyboard; name = Base; path = Base.lproj/LaunchScreen.storyboard; sourceTree = "<group>"; };
		3C0CE4CC2433D11D00F17C17 /* Info.plist */ = {isa = PBXFileReference; lastKnownFileType = text.plist.xml; path = Info.plist; sourceTree = "<group>"; };
/* End PBXFileReference section */

/* Begin PBXFrameworksBuildPhase section */
		3C0CE4B82433D11C00F17C17 /* Frameworks */ = {
			isa = PBXFrameworksBuildPhase;
			buildActionMask = 2147483647;
			files = (
			);
			runOnlyForDeploymentPostprocessing = 0;
		};
/* End PBXFrameworksBuildPhase section */

/* Begin PBXGroup section */
		3C0CE4B22433D11C00F17C17 = {
			isa = PBXGroup;
			children = (
				3C0CE4BD2433D11C00F17C17 /* Custon UI Componets With CAShapeLayer */,
				3C0CE4BC2433D11C00F17C17 /* Products */,
			);
			sourceTree = "<group>";
		};
		3C0CE4BC2433D11C00F17C17 /* Products */ = {
			isa = PBXGroup;
			children = (
				3C0CE4BB2433D11C00F17C17 /* Custon UI Componets With CAShapeLayer.app */,
			);
			name = Products;
			sourceTree = "<group>";
		};
		3C0CE4BD2433D11C00F17C17 /* Custon UI Componets With CAShapeLayer */ = {
			isa = PBXGroup;
			children = (
				3C0CE4BE2433D11C00F17C17 /* AppDelegate.swift */,
				3C0CE4C02433D11C00F17C17 /* SceneDelegate.swift */,
				3C0CE4C22433D11C00F17C17 /* ViewController.swift */,
				3C0CE4C42433D11C00F17C17 /* Main.storyboard */,
				3C0CE4C72433D11D00F17C17 /* Assets.xcassets */,
				3C0CE4C92433D11D00F17C17 /* LaunchScreen.storyboard */,
				3C0CE4CC2433D11D00F17C17 /* Info.plist */,
			);
			path = "Custon UI Componets With CAShapeLayer";
			sourceTree = "<group>";
		};
/* End PBXGroup section */

/* Begin PBXNativeTarget section */
		3C0CE4BA2433D11C00F17C17 /* Custon UI Componets With CAShapeLayer */ = {
			isa = PBXNativeTarget;
			buildConfigurationList = 3C0CE4CF2433D11D00F17C17 /* Build configuration list for PBXNativeTarget "Custon UI Componets With CAShapeLayer" */;
			buildPhases = (
				3C0CE4B72433D11C00F17C17 /* Sources */,
				3C0CE4B82433D11C00F17C17 /* Frameworks */,
				3C0CE4B92433D11C00F17C17 /* Resources */,
			);
			buildRules = (
			);
			dependencies = (
			);
			name = "Custon UI Componets With CAShapeLayer";
			productName = "Custon UI Componets With CAShapeLayer";
			productReference = 3C0CE4BB2433D11C00F17C17 /* Custon UI Componets With CAShapeLayer.app */;
			productType = "com.apple.product-type.application";
		};
/* End PBXNativeTarget section */

/* Begin PBXProject section */
		3C0CE4B32433D11C00F17C17 /* Project object */ = {
			isa = PBXProject;
			attributes = {
				LastSwiftUpdateCheck = 1130;
				LastUpgradeCheck = 1130;
				ORGANIZATIONNAME = "Grant, Michael";
				TargetAttributes = {
					3C0CE4BA2433D11C00F17C17 = {
						CreatedOnToolsVersion = 11.3;
					};
				};
			};
			buildConfigurationList = 3C0CE4B62433D11C00F17C17 /* Build configuration list for PBXProject "Custon UI Componets With CAShapeLayer" */;
			compatibilityVersion = "Xcode 9.3";
			developmentRegion = en;
			hasScannedForEncodings = 0;
			knownRegions = (
				en,
				Base,
			);
			mainGroup = 3C0CE4B22433D11C00F17C17;
			productRefGroup = 3C0CE4BC2433D11C00F17C17 /* Products */;
			projectDirPath = "";
			projectRoot = "";
			targets = (
				3C0CE4BA2433D11C00F17C17 /* Custon UI Componets With CAShapeLayer */,
			);
		};
/* End PBXProject section */

/* Begin PBXResourcesBuildPhase section */
		3C0CE4B92433D11C00F17C17 /* Resources */ = {
			isa = PBXResourcesBuildPhase;
			buildActionMask = 2147483647;
			files = (
				3C0CE4CB2433D11D00F17C17 /* LaunchScreen.storyboard in Resources */,
				3C0CE4C82433D11D00F17C17 /* Assets.xcassets in Resources */,
				3C0CE4C62433D11C00F17C17 /* Main.storyboard in Resources */,
			);
			runOnlyForDeploymentPostprocessing = 0;
		};
/* End PBXResourcesBuildPhase section */

/* Begin PBXSourcesBuildPhase section */
		3C0CE4B72433D11C00F17C17 /* Sources */ = {
			isa = PBXSourcesBuildPhase;
			buildActionMask = 2147483647;
			files = (
				3C0CE4C32433D11C00F17C17 /* ViewController.swift in Sources */,
				3C0CE4BF2433D11C00F17C17 /* AppDelegate.swift in Sources */,
				3C0CE4C12433D11C00F17C17 /* SceneDelegate.swift in Sources */,
			);
			runOnlyForDeploymentPostprocessing = 0;
		};
/* End PBXSourcesBuildPhase section */

/* Begin PBXVariantGroup section */
		3C0CE4C42433D11C00F17C17 /* Main.storyboard */ = {
			isa = PBXVariantGroup;
			children = (
				3C0CE4C52433D11C00F17C17 /* Base */,
			);
			name = Main.storyboard;
			sourceTree = "<group>";
		};
		3C0CE4C92433D11D00F17C17 /* LaunchScreen.storyboard */ = {
			isa = PBXVariantGroup;
			children = (
				3C0CE4CA2433D11D00F17C17 /* Base */,
			);
			name = LaunchScreen.storyboard;
			sourceTree = "<group>";
		};
/* End PBXVariantGroup section */

/* Begin XCBuildConfiguration section */
		3C0CE4CD2433D11D00F17C17 /* Debug */ = {
			isa = XCBuildConfiguration;
			buildSettings = {
				ALWAYS_SEARCH_USER_PATHS = NO;
				CLANG_ANALYZER_NONNULL = YES;
				CLANG_ANALYZER_NUMBER_OBJECT_CONVERSION = YES_AGGRESSIVE;
				CLANG_CXX_LANGUAGE_STANDARD = "gnu++14";
				CLANG_CXX_LIBRARY = "libc++";
				CLANG_ENABLE_MODULES = YES;
				CLANG_ENABLE_OBJC_ARC = YES;
				CLANG_ENABLE_OBJC_WEAK = YES;
				CLANG_WARN_BLOCK_CAPTURE_AUTORELEASING = YES;
				CLANG_WARN_BOOL_CONVERSION = YES;
				CLANG_WARN_COMMA = YES;
				CLANG_WARN_CONSTANT_CONVERSION = YES;
				CLANG_WARN_DEPRECATED_OBJC_IMPLEMENTATIONS = YES;
				CLANG_WARN_DIRECT_OBJC_ISA_USAGE = YES_ERROR;
				CLANG_WARN_DOCUMENTATION_COMMENTS = YES;
				CLANG_WARN_EMPTY_BODY = YES;
				CLANG_WARN_ENUM_CONVERSION = YES;
				CLANG_WARN_INFINITE_RECURSION = YES;
				CLANG_WARN_INT_CONVERSION = YES;
				CLANG_WARN_NON_LITERAL_NULL_CONVERSION = YES;
				CLANG_WARN_OBJC_IMPLICIT_RETAIN_SELF = YES;
				CLANG_WARN_OBJC_LITERAL_CONVERSION = YES;
				CLANG_WARN_OBJC_ROOT_CLASS = YES_ERROR;
				CLANG_WARN_RANGE_LOOP_ANALYSIS = YES;
				CLANG_WARN_STRICT_PROTOTYPES = YES;
				CLANG_WARN_SUSPICIOUS_MOVE = YES;
				CLANG_WARN_UNGUARDED_AVAILABILITY = YES_AGGRESSIVE;
				CLANG_WARN_UNREACHABLE_CODE = YES;
				CLANG_WARN__DUPLICATE_METHOD_MATCH = YES;
				COPY_PHASE_STRIP = NO;
				DEBUG_INFORMATION_FORMAT = dwarf;
				ENABLE_STRICT_OBJC_MSGSEND = YES;
				ENABLE_TESTABILITY = YES;
				GCC_C_LANGUAGE_STANDARD = gnu11;
				GCC_DYNAMIC_NO_PIC = NO;
				GCC_NO_COMMON_BLOCKS = YES;
				GCC_OPTIMIZATION_LEVEL = 0;
				GCC_PREPROCESSOR_DEFINITIONS = (
					"DEBUG=1",
					"$(inherited)",
				);
				GCC_WARN_64_TO_32_BIT_CONVERSION = YES;
				GCC_WARN_ABOUT_RETURN_TYPE = YES_ERROR;
				GCC_WARN_UNDECLARED_SELECTOR = YES;
				GCC_WARN_UNINITIALIZED_AUTOS = YES_AGGRESSIVE;
				GCC_WARN_UNUSED_FUNCTION = YES;
				GCC_WARN_UNUSED_VARIABLE = YES;
				IPHONEOS_DEPLOYMENT_TARGET = 13.2;
				MTL_ENABLE_DEBUG_INFO = INCLUDE_SOURCE;
				MTL_FAST_MATH = YES;
				ONLY_ACTIVE_ARCH = YES;
				SDKROOT = iphoneos;
				SWIFT_ACTIVE_COMPILATION_CONDITIONS = DEBUG;
				SWIFT_OPTIMIZATION_LEVEL = "-Onone";
			};
			name = Debug;
		};
		3C0CE4CE2433D11D00F17C17 /* Release */ = {
			isa = XCBuildConfiguration;
			buildSettings = {
				ALWAYS_SEARCH_USER_PATHS = NO;
				CLANG_ANALYZER_NONNULL = YES;
				CLANG_ANALYZER_NUMBER_OBJECT_CONVERSION = YES_AGGRESSIVE;
				CLANG_CXX_LANGUAGE_STANDARD = "gnu++14";
				CLANG_CXX_LIBRARY = "libc++";
				CLANG_ENABLE_MODULES = YES;
				CLANG_ENABLE_OBJC_ARC = YES;
				CLANG_ENABLE_OBJC_WEAK = YES;
				CLANG_WARN_BLOCK_CAPTURE_AUTORELEASING = YES;
				CLANG_WARN_BOOL_CONVERSION = YES;
				CLANG_WARN_COMMA = YES;
				CLANG_WARN_CONSTANT_CONVERSION = YES;
				CLANG_WARN_DEPRECATED_OBJC_IMPLEMENTATIONS = YES;
				CLANG_WARN_DIRECT_OBJC_ISA_USAGE = YES_ERROR;
				CLANG_WARN_DOCUMENTATION_COMMENTS = YES;
				CLANG_WARN_EMPTY_BODY = YES;
				CLANG_WARN_ENUM_CONVERSION = YES;
				CLANG_WARN_INFINITE_RECURSION = YES;
				CLANG_WARN_INT_CONVERSION = YES;
				CLANG_WARN_NON_LITERAL_NULL_CONVERSION = YES;
				CLANG_WARN_OBJC_IMPLICIT_RETAIN_SELF = YES;
				CLANG_WARN_OBJC_LITERAL_CONVERSION = YES;
				CLANG_WARN_OBJC_ROOT_CLASS = YES_ERROR;
				CLANG_WARN_RANGE_LOOP_ANALYSIS = YES;
				CLANG_WARN_STRICT_PROTOTYPES = YES;
				CLANG_WARN_SUSPICIOUS_MOVE = YES;
				CLANG_WARN_UNGUARDED_AVAILABILITY = YES_AGGRESSIVE;
				CLANG_WARN_UNREACHABLE_CODE = YES;
				CLANG_WARN__DUPLICATE_METHOD_MATCH = YES;
				COPY_PHASE_STRIP = NO;
				DEBUG_INFORMATION_FORMAT = "dwarf-with-dsym";
				ENABLE_NS_ASSERTIONS = NO;
				ENABLE_STRICT_OBJC_MSGSEND = YES;
				GCC_C_LANGUAGE_STANDARD = gnu11;
				GCC_NO_COMMON_BLOCKS = YES;
				GCC_WARN_64_TO_32_BIT_CONVERSION = YES;
				GCC_WARN_ABOUT_RETURN_TYPE = YES_ERROR;
				GCC_WARN_UNDECLARED_SELECTOR = YES;
				GCC_WARN_UNINITIALIZED_AUTOS = YES_AGGRESSIVE;
				GCC_WARN_UNUSED_FUNCTION = YES;
				GCC_WARN_UNUSED_VARIABLE = YES;
				IPHONEOS_DEPLOYMENT_TARGET = 13.2;
				MTL_ENABLE_DEBUG_INFO = NO;
				MTL_FAST_MATH = YES;
				SDKROOT = iphoneos;
				SWIFT_COMPILATION_MODE = wholemodule;
				SWIFT_OPTIMIZATION_LEVEL = "-O";
				VALIDATE_PRODUCT = YES;
			};
			name = Release;
		};
		3C0CE4D02433D11D00F17C17 /* Debug */ = {
			isa = XCBuildConfiguration;
			buildSettings = {
				ASSETCATALOG_COMPILER_APPICON_NAME = AppIcon;
				CODE_SIGN_STYLE = Automatic;
				DEVELOPMENT_TEAM = JU3ACWTZL4;
				INFOPLIST_FILE = "Custon UI Componets With CAShapeLayer/Info.plist";
				LD_RUNPATH_SEARCH_PATHS = (
					"$(inherited)",
					"@executable_path/Frameworks",
				);
				PRODUCT_BUNDLE_IDENTIFIER = "com.keepitfreshios.Custon-UI-Componets-With-CAShapeLayer";
				PRODUCT_NAME = "$(TARGET_NAME)";
				SWIFT_VERSION = 5.0;
				TARGETED_DEVICE_FAMILY = "1,2";
			};
			name = Debug;
		};
		3C0CE4D12433D11D00F17C17 /* Release */ = {
			isa = XCBuildConfiguration;
			buildSettings = {
				ASSETCATALOG_COMPILER_APPICON_NAME = AppIcon;
				CODE_SIGN_STYLE = Automatic;
				DEVELOPMENT_TEAM = JU3ACWTZL4;
				INFOPLIST_FILE = "Custon UI Componets With CAShapeLayer/Info.plist";
				LD_RUNPATH_SEARCH_PATHS = (
					"$(inherited)",
					"@executable_path/Frameworks",
				);
				PRODUCT_BUNDLE_IDENTIFIER = "com.keepitfreshios.Custon-UI-Componets-With-CAShapeLayer";
				PRODUCT_NAME = "$(TARGET_NAME)";
				SWIFT_VERSION = 5.0;
				TARGETED_DEVICE_FAMILY = "1,2";
			};
			name = Release;
		};
/* End XCBuildConfiguration section */

/* Begin XCConfigurationList section */
		3C0CE4B62433D11C00F17C17 /* Build configuration list for PBXProject "Custon UI Componets With CAShapeLayer" */ = {
			isa = XCConfigurationList;
			buildConfigurations = (
				3C0CE4CD2433D11D00F17C17 /* Debug */,
				3C0CE4CE2433D11D00F17C17 /* Release */,
			);
			defaultConfigurationIsVisible = 0;
			defaultConfigurationName = Release;
		};
		3C0CE4CF2433D11D00F17C17 /* Build configuration list for PBXNativeTarget "Custon UI Componets With CAShapeLayer" */ = {
			isa = XCConfigurationList;
			buildConfigurations = (
				3C0CE4D02433D11D00F17C17 /* Debug */,
				3C0CE4D12433D11D00F17C17 /* Release */,
			);
			defaultConfigurationIsVisible = 0;
			defaultConfigurationName = Release;
		};
/* End XCConfigurationList section */
	};
	rootObject = 3C0CE4B32433D11C00F17C17 /* Project object */;
}
